
Microsoft Visual Studio Solution File, Format Version 12.00
# Visual Studio 15
VisualStudioVersion = 15.0.26403.7
MinimumVisualStudioVersion = 10.0.40219.1
Project("{FAE04EC0-301F-11D3-BF4B-00C04F79EFBC}") = "L5", "L5\L5.csproj", "{D24CC5A6-3922-4B9F-9733-A89FF1D3BE0E}"
EndProject
Global
	GlobalSection(SolutionConfigurationPlatforms) = preSolution
		Debug|Any CPU = Debug|Any CPU
		Release|Any CPU = Release|Any CPU
	EndGlobalSection
	GlobalSection(ProjectConfigurationPlatforms) = postSolution
		{D24CC5A6-3922-4B9F-9733-A89FF1D3BE0E}.Debug|Any CPU.ActiveCfg = Debug|Any CPU
		{D24CC5A6-3922-4B9F-9733-A89FF1D3BE0E}.Debug|Any CPU.Build.0 = Debug|Any CPU
		{D24CC5A6-3922-4B9F-9733-A89FF1D3BE0E}.Release|Any CPU.ActiveCfg = Release|Any CPU
		{D24CC5A6-3922-4B9F-9733-A89FF1D3BE0E}.Release|Any CPU.Build.0 = Release|Any CPU
	EndGlobalSection
	GlobalSection(SolutionProperties) = preSolution
		HideSolutionNode = FALSE
	EndGlobalSection
EndGlobal
